{
  "nodes": {
    "extra-container": {
      "inputs": {
        "flake-utils": "flake-utils",
        "nixpkgs": [
          "nixpkgs"
        ]
      },
      "locked": {
        "lastModified": 1683579895,
        "narHash": "sha256-bjcFOul4kiq/a+wpUQP3l0XRY1/burbPdvxxqmlZx30=",
        "owner": "erikarvstedt",
        "repo": "extra-container",
        "rev": "46d9d7afb3d3de822217cd6515c150decf05868f",
        "type": "github"
      },
      "original": {
        "owner": "erikarvstedt",
        "repo": "extra-container",
        "type": "github"
      }
    },
    "filetracker": {
      "inputs": {
        "flake-utils": "flake-utils_2",
        "nixpkgs": [
          "nixpkgs"
        ]
      },
      "locked": {
        "lastModified": 1683569896,
        "narHash": "sha256-akQlvjpk9ssa50DqG8n172CBVaLWSmX2dBfFUIxm1fE=",
        "owner": "Stowarzyszenie-Talent",
        "repo": "filetracker",
        "rev": "ad4ea77d731ebf701a35f95f61ae18bfb9b5b58b",
        "type": "github"
      },
      "original": {
        "owner": "Stowarzyszenie-Talent",
        "ref": "nix",
        "repo": "filetracker",
        "type": "github"
      }
    },
    "flake-utils": {
      "locked": {
        "lastModified": 1667395993,
        "narHash": "sha256-nuEHfE/LcWyuSWnS8t12N1wc105Qtau+/OdUAjtQ0rA=",
        "owner": "numtide",
        "repo": "flake-utils",
        "rev": "5aed5285a952e0b949eb3ba02c12fa4fcfef535f",
        "type": "github"
      },
      "original": {
        "owner": "numtide",
        "repo": "flake-utils",
        "type": "github"
      }
    },
    "flake-utils_2": {
      "locked": {
        "lastModified": 1676283394,
        "narHash": "sha256-XX2f9c3iySLCw54rJ/CZs+ZK6IQy7GXNY4nSOyu2QG4=",
        "owner": "numtide",
        "repo": "flake-utils",
        "rev": "3db36a8b464d0c4532ba1c7dda728f4576d6d073",
        "type": "github"
      },
      "original": {
        "owner": "numtide",
        "repo": "flake-utils",
        "type": "github"
      }
    },
    "flake-utils_3": {
      "inputs": {
        "systems": "systems"
      },
      "locked": {
        "lastModified": 1681202837,
        "narHash": "sha256-H+Rh19JDwRtpVPAWp64F+rlEtxUWBAQW28eAi3SRSzg=",
        "owner": "numtide",
        "repo": "flake-utils",
        "rev": "cfacdce06f30d2b68473a46042957675eebb3401",
        "type": "github"
      },
      "original": {
        "owner": "numtide",
        "repo": "flake-utils",
        "type": "github"
      }
    },
    "flake-utils_4": {
      "locked": {
        "lastModified": 1678901627,
        "narHash": "sha256-U02riOqrKKzwjsxc/400XnElV+UtPUQWpANPlyazjH0=",
        "owner": "numtide",
        "repo": "flake-utils",
        "rev": "93a2b84fc4b70d9e089d029deacc3583435c2ed6",
        "type": "github"
      },
      "original": {
        "owner": "numtide",
        "repo": "flake-utils",
        "type": "github"
      }
    },
    "nixpkgs": {
      "locked": {
        "lastModified": 1684334906,
        "narHash": "sha256-psIJn2MZRidtLb7XOX6u3W6+D4UgMR+f4zPtqYRXj8g=",
        "owner": "NixOS",
        "repo": "nixpkgs",
        "rev": "bc5d9d7653c80878f9eb31634020c5c3f8906459",
        "type": "github"
      },
      "original": {
        "owner": "NixOS",
        "ref": "release-22.11",
        "repo": "nixpkgs",
        "type": "github"
      }
    },
    "root": {
      "inputs": {
        "extra-container": "extra-container",
        "filetracker": "filetracker",
        "flake-utils": "flake-utils_3",
        "nixpkgs": "nixpkgs",
        "sioworkers": "sioworkers"
      }
    },
    "sioworkers": {
      "inputs": {
        "filetracker": [
          "filetracker"
        ],
        "flake-utils": "flake-utils_4",
        "nixpkgs": [
          "nixpkgs"
        ]
      },
      "locked": {
        "lastModified": 1684349005,
        "narHash": "sha256-EsEdhdg0FmKPxn4x6d+XGdMeajpHBN0SQECoM+Mk69o=",
        "owner": "Stowarzyszenie-Talent",
        "repo": "sioworkers",
        "rev": "b6cbceaff4052fadd6c3f7bcdf87c1bbbe7e648e",
        "type": "github"
      },
      "original": {
        "owner": "Stowarzyszenie-Talent",
        "ref": "nix-flake",
        "repo": "sioworkers",
        "type": "github"
      }
    },
    "systems": {
      "locked": {
        "lastModified": 1681028828,
        "narHash": "sha256-Vy1rq5AaRuLzOxct8nz4T6wlgyUR7zLU309k9mBC768=",
        "owner": "nix-systems",
        "repo": "default",
        "rev": "da67096a3b9bf56a91d16901293e51ba5b49a27e",
        "type": "github"
      },
      "original": {
        "owner": "nix-systems",
        "repo": "default",
        "type": "github"
      }
    }
  },
  "root": "root",
  "version": 7
}
